
Microsoft Visual Studio Solution File, Format Version 12.00
# Visual Studio Version 17
VisualStudioVersion = 17.10.34928.147
MinimumVisualStudioVersion = 10.0.40219.1
Project("{9A19103F-16F7-4668-BE54-9A1E7A4F7556}") = "Infrastructure", "Infrastructure\Infrastructure.csproj", "{22603D61-2D00-413B-ADB8-A7912CC8F2B5}"
EndProject
Project("{9A19103F-16F7-4668-BE54-9A1E7A4F7556}") = "ApplicationCore", "ApplicationCore\ApplicationCore.csproj", "{084F87AE-9642-4D7F-BBB2-9265EEC294D1}"
EndProject
Project("{9A19103F-16F7-4668-BE54-9A1E7A4F7556}") = "PublicApi", "PublicApi\PublicApi.csproj", "{939F37EA-B22B-4564-8B3B-FEE860971AE7}"
EndProject
Project("{2150E333-8FDC-42A3-9474-1A3956D46DE8}") = "Solution Items", "Solution Items", "{BA7E0569-760C-4E17-A27D-F4BB72C672C9}"
	ProjectSection(SolutionItems) = preProject
		README.md = README.md
	EndProjectSection
EndProject
Global
	GlobalSection(SolutionConfigurationPlatforms) = preSolution
		Debug|Any CPU = Debug|Any CPU
		Release|Any CPU = Release|Any CPU
	EndGlobalSection
	GlobalSection(ProjectConfigurationPlatforms) = postSolution
		{22603D61-2D00-413B-ADB8-A7912CC8F2B5}.Debug|Any CPU.ActiveCfg = Debug|Any CPU
		{22603D61-2D00-413B-ADB8-A7912CC8F2B5}.Debug|Any CPU.Build.0 = Debug|Any CPU
		{22603D61-2D00-413B-ADB8-A7912CC8F2B5}.Release|Any CPU.ActiveCfg = Release|Any CPU
		{22603D61-2D00-413B-ADB8-A7912CC8F2B5}.Release|Any CPU.Build.0 = Release|Any CPU
		{084F87AE-9642-4D7F-BBB2-9265EEC294D1}.Debug|Any CPU.ActiveCfg = Debug|Any CPU
		{084F87AE-9642-4D7F-BBB2-9265EEC294D1}.Debug|Any CPU.Build.0 = Debug|Any CPU
		{084F87AE-9642-4D7F-BBB2-9265EEC294D1}.Release|Any CPU.ActiveCfg = Release|Any CPU
		{084F87AE-9642-4D7F-BBB2-9265EEC294D1}.Release|Any CPU.Build.0 = Release|Any CPU
		{939F37EA-B22B-4564-8B3B-FEE860971AE7}.Debug|Any CPU.ActiveCfg = Debug|Any CPU
		{939F37EA-B22B-4564-8B3B-FEE860971AE7}.Debug|Any CPU.Build.0 = Debug|Any CPU
		{939F37EA-B22B-4564-8B3B-FEE860971AE7}.Release|Any CPU.ActiveCfg = Release|Any CPU
		{939F37EA-B22B-4564-8B3B-FEE860971AE7}.Release|Any CPU.Build.0 = Release|Any CPU
	EndGlobalSection
	GlobalSection(SolutionProperties) = preSolution
		HideSolutionNode = FALSE
	EndGlobalSection
	GlobalSection(ExtensibilityGlobals) = postSolution
		SolutionGuid = {67D00FB1-CD3F-42C9-83C6-15EC1EAEAE72}
	EndGlobalSection
EndGlobal
